
Microsoft Visual Studio Solution File, Format Version 12.00
# Visual Studio Version 17
VisualStudioVersion = 17.9.34607.119
MinimumVisualStudioVersion = 10.0.40219.1
Project("{FAE04EC0-301F-11D3-BF4B-00C04F79EFBC}") = "Tema1_Ex11", "Tema1_Ex11\Tema1_Ex11.csproj", "{498FD0F7-BCB6-4AE4-8B98-846AA96C1E25}"
EndProject
Global
	GlobalSection(SolutionConfigurationPlatforms) = preSolution
		Debug|Any CPU = Debug|Any CPU
		Release|Any CPU = Release|Any CPU
	EndGlobalSection
	GlobalSection(ProjectConfigurationPlatforms) = postSolution
		{498FD0F7-BCB6-4AE4-8B98-846AA96C1E25}.Debug|Any CPU.ActiveCfg = Debug|Any CPU
		{498FD0F7-BCB6-4AE4-8B98-846AA96C1E25}.Debug|Any CPU.Build.0 = Debug|Any CPU
		{498FD0F7-BCB6-4AE4-8B98-846AA96C1E25}.Release|Any CPU.ActiveCfg = Release|Any CPU
		{498FD0F7-BCB6-4AE4-8B98-846AA96C1E25}.Release|Any CPU.Build.0 = Release|Any CPU
	EndGlobalSection
	GlobalSection(SolutionProperties) = preSolution
		HideSolutionNode = FALSE
	EndGlobalSection
	GlobalSection(ExtensibilityGlobals) = postSolution
		SolutionGuid = {292AE41D-F46F-466B-BDEE-0E0D2461FD80}
	EndGlobalSection
EndGlobal
